
Microsoft Visual Studio Solution File, Format Version 12.00
# Visual Studio Version 16
VisualStudioVersion = 16.0.31515.178
MinimumVisualStudioVersion = 10.0.40219.1
Project("{FAE04EC0-301F-11D3-BF4B-00C04F79EFBC}") = "PublisherModule", "source\PublisherModule\PublisherModule.csproj", "{C9D4417F-46A5-4584-AC78-6A8DC54D114C}"
EndProject
Project("{FAE04EC0-301F-11D3-BF4B-00C04F79EFBC}") = "SubscriberModule", "source\SubscriberModule\SubscriberModule.csproj", "{D08CB309-F949-4685-8BC4-89431EDC7B7B}"
EndProject
Project("{FAE04EC0-301F-11D3-BF4B-00C04F79EFBC}") = "BuildingBlocks", "source\BuildingBlocks\BuildingBlocks.csproj", "{EDA6B3E2-3F3F-42AF-876E-E041D90AEB93}"
EndProject
Project("{2150E333-8FDC-42A3-9474-1A3956D46DE8}") = "Modules", "Modules", "{E875472E-2E59-435E-A6CB-4C308A75715A}"
EndProject
Project("{FAE04EC0-301F-11D3-BF4B-00C04F79EFBC}") = "Webapi", "source\Webapi\Webapi.csproj", "{2033E81F-2C2D-437A-A003-D15C5AAE6E57}"
EndProject
Global
	GlobalSection(SolutionConfigurationPlatforms) = preSolution
		Debug|Any CPU = Debug|Any CPU
		Release|Any CPU = Release|Any CPU
	EndGlobalSection
	GlobalSection(ProjectConfigurationPlatforms) = postSolution
		{C9D4417F-46A5-4584-AC78-6A8DC54D114C}.Debug|Any CPU.ActiveCfg = Debug|Any CPU
		{C9D4417F-46A5-4584-AC78-6A8DC54D114C}.Debug|Any CPU.Build.0 = Debug|Any CPU
		{C9D4417F-46A5-4584-AC78-6A8DC54D114C}.Release|Any CPU.ActiveCfg = Release|Any CPU
		{C9D4417F-46A5-4584-AC78-6A8DC54D114C}.Release|Any CPU.Build.0 = Release|Any CPU
		{D08CB309-F949-4685-8BC4-89431EDC7B7B}.Debug|Any CPU.ActiveCfg = Debug|Any CPU
		{D08CB309-F949-4685-8BC4-89431EDC7B7B}.Debug|Any CPU.Build.0 = Debug|Any CPU
		{D08CB309-F949-4685-8BC4-89431EDC7B7B}.Release|Any CPU.ActiveCfg = Release|Any CPU
		{D08CB309-F949-4685-8BC4-89431EDC7B7B}.Release|Any CPU.Build.0 = Release|Any CPU
		{EDA6B3E2-3F3F-42AF-876E-E041D90AEB93}.Debug|Any CPU.ActiveCfg = Debug|Any CPU
		{EDA6B3E2-3F3F-42AF-876E-E041D90AEB93}.Debug|Any CPU.Build.0 = Debug|Any CPU
		{EDA6B3E2-3F3F-42AF-876E-E041D90AEB93}.Release|Any CPU.ActiveCfg = Release|Any CPU
		{EDA6B3E2-3F3F-42AF-876E-E041D90AEB93}.Release|Any CPU.Build.0 = Release|Any CPU
		{2033E81F-2C2D-437A-A003-D15C5AAE6E57}.Debug|Any CPU.ActiveCfg = Debug|Any CPU
		{2033E81F-2C2D-437A-A003-D15C5AAE6E57}.Debug|Any CPU.Build.0 = Debug|Any CPU
		{2033E81F-2C2D-437A-A003-D15C5AAE6E57}.Release|Any CPU.ActiveCfg = Release|Any CPU
		{2033E81F-2C2D-437A-A003-D15C5AAE6E57}.Release|Any CPU.Build.0 = Release|Any CPU
	EndGlobalSection
	GlobalSection(SolutionProperties) = preSolution
		HideSolutionNode = FALSE
	EndGlobalSection
	GlobalSection(NestedProjects) = preSolution
		{C9D4417F-46A5-4584-AC78-6A8DC54D114C} = {E875472E-2E59-435E-A6CB-4C308A75715A}
		{D08CB309-F949-4685-8BC4-89431EDC7B7B} = {E875472E-2E59-435E-A6CB-4C308A75715A}
	EndGlobalSection
	GlobalSection(ExtensibilityGlobals) = postSolution
		SolutionGuid = {F2F7DDDB-8DDA-486E-A109-0A3A937A8E89}
	EndGlobalSection
EndGlobal
